
Microsoft Visual Studio Solution File, Format Version 12.00
# Visual Studio Version 17
VisualStudioVersion = 17.13.35806.99
MinimumVisualStudioVersion = 10.0.40219.1
Project("{FAE04EC0-301F-11D3-BF4B-00C04F79EFBC}") = "Lab3", "Lab3\Lab3.csproj", "{8AC3A186-01C8-4D80-8FE0-FE15C398C479}"
EndProject
Project("{FAE04EC0-301F-11D3-BF4B-00C04F79EFBC}") = "LAB3.Tests", "Tests\LAB3.Tests.csproj", "{7A506D12-AD2A-407D-912D-E078F0CCFC5B}"
EndProject
Global
	GlobalSection(SolutionConfigurationPlatforms) = preSolution
		Debug|Any CPU = Debug|Any CPU
		Release|Any CPU = Release|Any CPU
	EndGlobalSection
	GlobalSection(ProjectConfigurationPlatforms) = postSolution
		{8AC3A186-01C8-4D80-8FE0-FE15C398C479}.Debug|Any CPU.ActiveCfg = Debug|Any CPU
		{8AC3A186-01C8-4D80-8FE0-FE15C398C479}.Debug|Any CPU.Build.0 = Debug|Any CPU
		{8AC3A186-01C8-4D80-8FE0-FE15C398C479}.Release|Any CPU.ActiveCfg = Release|Any CPU
		{8AC3A186-01C8-4D80-8FE0-FE15C398C479}.Release|Any CPU.Build.0 = Release|Any CPU
		{7A506D12-AD2A-407D-912D-E078F0CCFC5B}.Debug|Any CPU.ActiveCfg = Debug|Any CPU
		{7A506D12-AD2A-407D-912D-E078F0CCFC5B}.Debug|Any CPU.Build.0 = Debug|Any CPU
		{7A506D12-AD2A-407D-912D-E078F0CCFC5B}.Release|Any CPU.ActiveCfg = Release|Any CPU
		{7A506D12-AD2A-407D-912D-E078F0CCFC5B}.Release|Any CPU.Build.0 = Release|Any CPU
	EndGlobalSection
	GlobalSection(SolutionProperties) = preSolution
		HideSolutionNode = FALSE
	EndGlobalSection
	GlobalSection(ExtensibilityGlobals) = postSolution
		SolutionGuid = {12F82AED-A300-4C3F-95A7-62DFF1AE94CE}
	EndGlobalSection
EndGlobal
